{
  "nodes": {
    "firefox-addons": {
      "inputs": {
        "nixpkgs": [
          "nixpkgs"
        ]
      },
      "locked": {
        "dir": "pkgs/firefox-addons",
        "lastModified": 1788840136,
        "narHash": "sha256-ej5jnQIfjbw4wwPzy8Y4ntG9F3asdF6YBkLqpYeGUxc=",
        "owner": "rycee",
        "repo": "nur-expressions",
        "rev": "555b23e68256c5abfb8a85a385231830d1d7ad1f",
        "type": "gitlab"
      },
      "original": {
        "dir": "pkgs/firefox-addons",
        "owner": "rycee",
        "repo": "nur-expressions",
        "type": "gitlab"
      }
    },
    "home-manager": {
      "inputs": {
        "nixpkgs": [
          "nixpkgs"
        ]
      },
      "locked": {
        "lastModified": 1788642154,
        "narHash": "sha256-sPpQFVaFTDqO/4vvCAhuAhqTgqN/ygu+9eJcs5eB0js=",
        "owner": "nix-community",
        "repo": "home-manager",
        "rev": "fd0956c99c41ae3c13a73a638f1f7e963aebc4ab",
        "type": "github"
      },
      "original": {
        "owner": "nix-community",
        "ref": "release-26.05",
        "repo": "home-manager",
        "type": "github"
      }
    },
    "millennium": {
      "inputs": {
        "millennium-src": "millennium-src",
        "nixpkgs": "nixpkgs"
      },
      "locked": {
        "dir": "packages/nix",
        "lastModified": 1788565178,
        "narHash": "sha256-bjItIyGxVAUqaSpr2tdN/YTd8BP2DY+wAmun136LrZs=",
        "owner": "SteamClientHomebrew",
        "repo": "Millennium",
        "rev": "5cbebb86628767f365de987c451a2839afe153bc",
        "type": "github"
      },
      "original": {
        "dir": "packages/nix",
        "owner": "SteamClientHomebrew",
        "repo": "Millennium",
        "type": "github"
      }
    },
    "millennium-src": {
      "flake": false,
      "locked": {
        "lastModified": 1787082953,
        "narHash": "sha256-zgr4cdJfye4qunpD3ClNnZ9D1WPGQAXV0CnYwEbB52s=",
        "owner": "SteamClientHomebrew",
        "repo": "Millennium",
        "rev": "513b02e809b0eb120ecf0ae12e548798dd756323",
        "type": "github"
      },
      "original": {
        "owner": "SteamClientHomebrew",
        "repo": "Millennium",
        "rev": "513b02e809b0eb120ecf0ae12e548798dd756323",
        "type": "github"
      }
    },
    "musnix": {
      "inputs": {
        "nixpkgs": "nixpkgs_2"
      },
      "locked": {
        "lastModified": 1777848538,
        "narHash": "sha256-Dj51C0NWsglqRrCpdmMr2nFiYacFOid1Tor4H9yG2HY=",
        "owner": "musnix",
        "repo": "musnix",
        "rev": "8548782f0d1d0928daa3fffde8a008f72219a3f3",
        "type": "github"
      },
      "original": {
        "owner": "musnix",
        "repo": "musnix",
        "type": "github"
      }
    },
    "nix-darwin": {
      "inputs": {
        "nixpkgs": [
          "nixpkgs"
        ]
      },
      "locked": {
        "lastModified": 1783744694,
        "narHash": "sha256-2cp6N3rrwnGYLTx9l6N+NI+kwrCWxvJUbj5WJhvB29A=",
        "owner": "nix-darwin",
        "repo": "nix-darwin",
        "rev": "c3e90c89649b07d1a96e4b9dd6cd0d6e44b91a74",
        "type": "github"
      },
      "original": {
        "owner": "nix-darwin",
        "ref": "nix-darwin-26.05",
        "repo": "nix-darwin",
        "type": "github"
      }
    },
    "nixos-hardware": {
      "inputs": {
        "nixpkgs": "nixpkgs_3"
      },
      "locked": {
        "lastModified": 1788860136,
        "narHash": "sha256-MhPMOFV4pVkygWEbQ8t1De/uQ9cWF1u++tRe2L5tG48=",
        "owner": "NixOS",
        "repo": "nixos-hardware",
        "rev": "62173785b9a18c78b4a15aca2623d02bceb9d077",
        "type": "github"
      },
      "original": {
        "owner": "NixOS",
        "ref": "master",
        "repo": "nixos-hardware",
        "type": "github"
      }
    },
    "nixpkgs": {
      "locked": {
        "lastModified": 1781577229,
        "narHash": "sha256-lrp67w8AulE9Ks53n27I45ADSzbOCn4H+CNW1Ck8B+8=",
        "owner": "nixos",
        "repo": "nixpkgs",
        "rev": "567a49d1913ce81ac6e9582e3553dd90a955875f",
        "type": "github"
      },
      "original": {
        "owner": "nixos",
        "repo": "nixpkgs",
        "rev": "567a49d1913ce81ac6e9582e3553dd90a955875f",
        "type": "github"
      }
    },
    "nixpkgs-stable": {
      "locked": {
        "lastModified": 1788807765,
        "narHash": "sha256-HpUcFydtAyJ4v+HhQYitv0hXM/sAld/boLdsnSRiRPs=",
        "rev": "93108a538f079596c9a16c72cf03e9322782b6dd",
        "type": "tarball",
        "url": "https://releases.nixos.org/nixos/26.05/nixos-26.05.9334.93108a538f07/nixexprs.tar.xz"
      },
      "original": {
        "id": "nixpkgs",
        "ref": "nixos-26.05",
        "type": "indirect"
      }
    },
    "nixpkgs-unstable": {
      "locked": {
        "lastModified": 1788752844,
        "narHash": "sha256-jaBxqP3GfXq5Ilyfz5wulKO7xyBUmToFxqTU+caFyus=",
        "rev": "dc5d91f840324650bac8c379428c7037a416959a",
        "type": "tarball",
        "url": "https://releases.nixos.org/nixos/unstable/nixos-26.11pre1068949.dc5d91f84032/nixexprs.tar.xz"
      },
      "original": {
        "id": "nixpkgs",
        "ref": "nixos-unstable",
        "type": "indirect"
      }
    },
    "nixpkgs_2": {
      "locked": {
        "lastModified": 1777268161,
        "narHash": "sha256-bxrdOn8SCOv8tN4JbTF/TXq7kjo9ag4M+C8yzzIRYbE=",
        "owner": "NixOS",
        "repo": "nixpkgs",
        "rev": "1c3fe55ad329cbcb28471bb30f05c9827f724c76",
        "type": "github"
      },
      "original": {
        "owner": "NixOS",
        "ref": "nixos-unstable",
        "repo": "nixpkgs",
        "type": "github"
      }
    },
    "nixpkgs_3": {
      "locked": {
        "lastModified": 1767892417,
        "narHash": "sha256-8bW3q88CEg2u4hSP66Vf4lpbLonHz7hqDNBMcCY7E9U=",
        "rev": "3497aa5c9457a9d88d71fa93a4a8368816fbeeba",
        "type": "tarball",
        "url": "https://releases.nixos.org/nixos/unstable/nixos-26.05pre924538.3497aa5c9457/nixexprs.tar.xz"
      },
      "original": {
        "type": "tarball",
        "url": "https://channels.nixos.org/nixos-unstable/nixexprs.tar.xz"
      }
    },
    "nixpkgs_4": {
      "locked": {
        "lastModified": 1788807765,
        "narHash": "sha256-HpUcFydtAyJ4v+HhQYitv0hXM/sAld/boLdsnSRiRPs=",
        "rev": "93108a538f079596c9a16c72cf03e9322782b6dd",
        "type": "tarball",
        "url": "https://releases.nixos.org/nixos/26.05/nixos-26.05.9334.93108a538f07/nixexprs.tar.xz"
      },
      "original": {
        "id": "nixpkgs",
        "ref": "nixos-26.05",
        "type": "indirect"
      }
    },
    "root": {
      "inputs": {
        "firefox-addons": "firefox-addons",
        "home-manager": "home-manager",
        "millennium": "millennium",
        "musnix": "musnix",
        "nix-darwin": "nix-darwin",
        "nixos-hardware": "nixos-hardware",
        "nixpkgs": "nixpkgs_4",
        "nixpkgs-stable": "nixpkgs-stable",
        "nixpkgs-unstable": "nixpkgs-unstable"
      }
    }
  },
  "root": "root",
  "version": 7
}
